
Microsoft Visual Studio Solution File, Format Version 12.00
Project("{FAE04EC0-301F-11D3-BF4B-00C04F79EFBC}") = "ConsoleApp1", "ConsoleApp1\ConsoleApp1.csproj", "{8B8C0AE1-797D-4F1B-86B2-EB0EA4DC7BBA}"
EndProject
Project("{FAE04EC0-301F-11D3-BF4B-00C04F79EFBC}") = "ClassLibrary1", "ClassLibrary1\ClassLibrary1.csproj", "{47C20B43-790A-4F22-92F4-BD84399A209F}"
EndProject
Project("{FAE04EC0-301F-11D3-BF4B-00C04F79EFBC}") = "WpfApp1", "WpfApp1\WpfApp1.csproj", "{368347D0-30AB-4D86-929D-96B9E12BC7B6}"
EndProject
Project("{FAE04EC0-301F-11D3-BF4B-00C04F79EFBC}") = "WinFormsApp1", "WinFormsApp1\WinFormsApp1.csproj", "{739BB01B-8236-4A7F-9F07-4ED5490D935B}"
EndProject
Project("{FAE04EC0-301F-11D3-BF4B-00C04F79EFBC}") = "BlazorAppServer1", "BlazorAppServer1\BlazorAppServer1.csproj", "{72EDF7E3-2CCD-4488-BBAA-6676BC212783}"
EndProject
Project("{FAE04EC0-301F-11D3-BF4B-00C04F79EFBC}") = "BlazorAppWebAssembly1", "BlazorAppWebAssembly1\BlazorAppWebAssembly1\BlazorAppWebAssembly1.csproj", "{1E568A86-A51B-4D06-B5BB-A831A6F5D42A}"
EndProject
Project("{FAE04EC0-301F-11D3-BF4B-00C04F79EFBC}") = "BlazorAppWebAssembly1.Client", "BlazorAppWebAssembly1\BlazorAppWebAssembly1.Client\BlazorAppWebAssembly1.Client.csproj", "{117C2793-B8A2-42CA-AB49-D5B24F386CC7}"
EndProject
Project("{FAE04EC0-301F-11D3-BF4B-00C04F79EFBC}") = "WebApi1", "WebApi1\WebApi1.csproj", "{8F7958C2-8403-4291-A15E-38FAFE0D9EA8}"
EndProject
Global
	GlobalSection(SolutionConfigurationPlatforms) = preSolution
		Debug|Any CPU = Debug|Any CPU
		Release|Any CPU = Release|Any CPU
	EndGlobalSection
	GlobalSection(ProjectConfigurationPlatforms) = postSolution
		{8B8C0AE1-797D-4F1B-86B2-EB0EA4DC7BBA}.Debug|Any CPU.ActiveCfg = Debug|Any CPU
		{8B8C0AE1-797D-4F1B-86B2-EB0EA4DC7BBA}.Debug|Any CPU.Build.0 = Debug|Any CPU
		{8B8C0AE1-797D-4F1B-86B2-EB0EA4DC7BBA}.Release|Any CPU.ActiveCfg = Release|Any CPU
		{8B8C0AE1-797D-4F1B-86B2-EB0EA4DC7BBA}.Release|Any CPU.Build.0 = Release|Any CPU
		{47C20B43-790A-4F22-92F4-BD84399A209F}.Debug|Any CPU.ActiveCfg = Debug|Any CPU
		{47C20B43-790A-4F22-92F4-BD84399A209F}.Debug|Any CPU.Build.0 = Debug|Any CPU
		{47C20B43-790A-4F22-92F4-BD84399A209F}.Release|Any CPU.ActiveCfg = Release|Any CPU
		{47C20B43-790A-4F22-92F4-BD84399A209F}.Release|Any CPU.Build.0 = Release|Any CPU
		{368347D0-30AB-4D86-929D-96B9E12BC7B6}.Debug|Any CPU.ActiveCfg = Debug|Any CPU
		{368347D0-30AB-4D86-929D-96B9E12BC7B6}.Debug|Any CPU.Build.0 = Debug|Any CPU
		{368347D0-30AB-4D86-929D-96B9E12BC7B6}.Release|Any CPU.ActiveCfg = Release|Any CPU
		{368347D0-30AB-4D86-929D-96B9E12BC7B6}.Release|Any CPU.Build.0 = Release|Any CPU
		{739BB01B-8236-4A7F-9F07-4ED5490D935B}.Debug|Any CPU.ActiveCfg = Debug|Any CPU
		{739BB01B-8236-4A7F-9F07-4ED5490D935B}.Debug|Any CPU.Build.0 = Debug|Any CPU
		{739BB01B-8236-4A7F-9F07-4ED5490D935B}.Release|Any CPU.ActiveCfg = Release|Any CPU
		{739BB01B-8236-4A7F-9F07-4ED5490D935B}.Release|Any CPU.Build.0 = Release|Any CPU
		{72EDF7E3-2CCD-4488-BBAA-6676BC212783}.Debug|Any CPU.ActiveCfg = Debug|Any CPU
		{72EDF7E3-2CCD-4488-BBAA-6676BC212783}.Debug|Any CPU.Build.0 = Debug|Any CPU
		{72EDF7E3-2CCD-4488-BBAA-6676BC212783}.Release|Any CPU.ActiveCfg = Release|Any CPU
		{72EDF7E3-2CCD-4488-BBAA-6676BC212783}.Release|Any CPU.Build.0 = Release|Any CPU
		{1E568A86-A51B-4D06-B5BB-A831A6F5D42A}.Debug|Any CPU.ActiveCfg = Debug|Any CPU
		{1E568A86-A51B-4D06-B5BB-A831A6F5D42A}.Debug|Any CPU.Build.0 = Debug|Any CPU
		{1E568A86-A51B-4D06-B5BB-A831A6F5D42A}.Release|Any CPU.ActiveCfg = Release|Any CPU
		{1E568A86-A51B-4D06-B5BB-A831A6F5D42A}.Release|Any CPU.Build.0 = Release|Any CPU
		{117C2793-B8A2-42CA-AB49-D5B24F386CC7}.Debug|Any CPU.ActiveCfg = Debug|Any CPU
		{117C2793-B8A2-42CA-AB49-D5B24F386CC7}.Debug|Any CPU.Build.0 = Debug|Any CPU
		{117C2793-B8A2-42CA-AB49-D5B24F386CC7}.Release|Any CPU.ActiveCfg = Release|Any CPU
		{117C2793-B8A2-42CA-AB49-D5B24F386CC7}.Release|Any CPU.Build.0 = Release|Any CPU
		{8F7958C2-8403-4291-A15E-38FAFE0D9EA8}.Debug|Any CPU.ActiveCfg = Debug|Any CPU
		{8F7958C2-8403-4291-A15E-38FAFE0D9EA8}.Debug|Any CPU.Build.0 = Debug|Any CPU
		{8F7958C2-8403-4291-A15E-38FAFE0D9EA8}.Release|Any CPU.ActiveCfg = Release|Any CPU
		{8F7958C2-8403-4291-A15E-38FAFE0D9EA8}.Release|Any CPU.Build.0 = Release|Any CPU
	EndGlobalSection
EndGlobal
